
Microsoft Visual Studio Solution File, Format Version 12.00
# Visual Studio Version 17
VisualStudioVersion = 17.14.36623.8
MinimumVisualStudioVersion = 10.0.40219.1
Project("{FAE04EC0-301F-11D3-BF4B-00C04F79EFBC}") = "Nagradni Zadatak 4", "Nagradni Zadatak 4\Nagradni Zadatak 4.csproj", "{AA603AAD-6A77-4DCD-A3FB-F3099ABF1129}"
EndProject
Global
	GlobalSection(SolutionConfigurationPlatforms) = preSolution
		Debug|Any CPU = Debug|Any CPU
		Release|Any CPU = Release|Any CPU
	EndGlobalSection
	GlobalSection(ProjectConfigurationPlatforms) = postSolution
		{AA603AAD-6A77-4DCD-A3FB-F3099ABF1129}.Debug|Any CPU.ActiveCfg = Debug|Any CPU
		{AA603AAD-6A77-4DCD-A3FB-F3099ABF1129}.Debug|Any CPU.Build.0 = Debug|Any CPU
		{AA603AAD-6A77-4DCD-A3FB-F3099ABF1129}.Release|Any CPU.ActiveCfg = Release|Any CPU
		{AA603AAD-6A77-4DCD-A3FB-F3099ABF1129}.Release|Any CPU.Build.0 = Release|Any CPU
	EndGlobalSection
	GlobalSection(SolutionProperties) = preSolution
		HideSolutionNode = FALSE
	EndGlobalSection
	GlobalSection(ExtensibilityGlobals) = postSolution
		SolutionGuid = {B7F2EF2F-2E27-49AB-9892-967C36CA856D}
	EndGlobalSection
EndGlobal
